
Microsoft Visual Studio Solution File, Format Version 12.00
# Visual Studio 2013
Project("{FAE04EC0-301F-11D3-BF4B-00C04F79EFBC}") = "UnityVS.ShooterNet0702SourceTree.CSharp", "UnityVS.ShooterNet0702SourceTree.CSharp.csproj", "{58BF7196-CF6A-2A80-ACE0-E6C9B71F93EA}"
EndProject
Global
	GlobalSection(SolutionConfigurationPlatforms) = preSolution
		Debug|Any CPU = Debug|Any CPU
		Release|Any CPU = Release|Any CPU
	EndGlobalSection
	GlobalSection(ProjectConfigurationPlatforms) = postSolution
		{58BF7196-CF6A-2A80-ACE0-E6C9B71F93EA}.Debug|Any CPU.ActiveCfg = Debug|Any CPU
		{58BF7196-CF6A-2A80-ACE0-E6C9B71F93EA}.Debug|Any CPU.Build.0 = Debug|Any CPU
		{58BF7196-CF6A-2A80-ACE0-E6C9B71F93EA}.Release|Any CPU.ActiveCfg = Release|Any CPU
		{58BF7196-CF6A-2A80-ACE0-E6C9B71F93EA}.Release|Any CPU.Build.0 = Release|Any CPU
	EndGlobalSection
	GlobalSection(SolutionProperties) = preSolution
		HideSolutionNode = FALSE
	EndGlobalSection
EndGlobal
